
Microsoft Visual Studio Solution File, Format Version 12.00
# Visual Studio 16
Project("{FAE04EC0-301F-11D3-BF4B-00C04F79EFBC}") = "Assembly-CSharp", "Assembly-CSharp.csproj", "{4FD9C5EC-9364-DCC9-5EF3-6B5E7BD266EC}"
EndProject
Project("{FAE04EC0-301F-11D3-BF4B-00C04F79EFBC}") = "Assembly-CSharp-Editor", "Assembly-CSharp-Editor.csproj", "{B19A6873-C09D-07DD-4563-1FC51D4553D5}"
EndProject
Global
	GlobalSection(SolutionConfigurationPlatforms) = preSolution
		Debug|Any CPU = Debug|Any CPU
		Release|Any CPU = Release|Any CPU
	EndGlobalSection
	GlobalSection(ProjectConfigurationPlatforms) = postSolution
		{4FD9C5EC-9364-DCC9-5EF3-6B5E7BD266EC}.Debug|Any CPU.ActiveCfg = Debug|Any CPU
		{4FD9C5EC-9364-DCC9-5EF3-6B5E7BD266EC}.Debug|Any CPU.Build.0 = Debug|Any CPU
		{4FD9C5EC-9364-DCC9-5EF3-6B5E7BD266EC}.Release|Any CPU.ActiveCfg = Release|Any CPU
		{4FD9C5EC-9364-DCC9-5EF3-6B5E7BD266EC}.Release|Any CPU.Build.0 = Release|Any CPU
		{B19A6873-C09D-07DD-4563-1FC51D4553D5}.Debug|Any CPU.ActiveCfg = Debug|Any CPU
		{B19A6873-C09D-07DD-4563-1FC51D4553D5}.Debug|Any CPU.Build.0 = Debug|Any CPU
		{B19A6873-C09D-07DD-4563-1FC51D4553D5}.Release|Any CPU.ActiveCfg = Release|Any CPU
		{B19A6873-C09D-07DD-4563-1FC51D4553D5}.Release|Any CPU.Build.0 = Release|Any CPU
	EndGlobalSection
	GlobalSection(SolutionProperties) = preSolution
		HideSolutionNode = FALSE
	EndGlobalSection
EndGlobal
